
Microsoft Visual Studio Solution File, Format Version 12.00
# Visual Studio Version 16
VisualStudioVersion = 16.0.29006.145
MinimumVisualStudioVersion = 10.0.40219.1
Project("{FAE04EC0-301F-11D3-BF4B-00C04F79EFBC}") = "YandexTolokaNotification", "YandexTolokaNotification\YandexTolokaNotification.csproj", "{1D1836E0-1802-4D4A-9CE9-37401CF1F6B5}"
EndProject
Global
	GlobalSection(SolutionConfigurationPlatforms) = preSolution
		Debug|Any CPU = Debug|Any CPU
		Release|Any CPU = Release|Any CPU
	EndGlobalSection
	GlobalSection(ProjectConfigurationPlatforms) = postSolution
		{1D1836E0-1802-4D4A-9CE9-37401CF1F6B5}.Debug|Any CPU.ActiveCfg = Debug|Any CPU
		{1D1836E0-1802-4D4A-9CE9-37401CF1F6B5}.Debug|Any CPU.Build.0 = Debug|Any CPU
		{1D1836E0-1802-4D4A-9CE9-37401CF1F6B5}.Release|Any CPU.ActiveCfg = Release|Any CPU
		{1D1836E0-1802-4D4A-9CE9-37401CF1F6B5}.Release|Any CPU.Build.0 = Release|Any CPU
	EndGlobalSection
	GlobalSection(SolutionProperties) = preSolution
		HideSolutionNode = FALSE
	EndGlobalSection
	GlobalSection(ExtensibilityGlobals) = postSolution
		SolutionGuid = {B7601F6A-AD7C-44E3-9531-EF9CFF3F8FB9}
	EndGlobalSection
EndGlobal
